// !$*UTF8*$!
{
	archiveVersion = 1;
	classes = {
	};
	objectVersion = 60;
	objects = {

/* Begin PBXBuildFile section */
		744B21792F771B4F00F2A8EB /* AppsFlyerManager.swift in Sources */ = {isa = PBXBuildFile; fileRef = 744B21492F771B4F00F2A8EB /* AppsFlyerManager.swift */; };
		744B217A2F771B4F00F2A8EB /* ConfigManager.swift in Sources */ = {isa = PBXBuildFile; fileRef = 744B214A2F771B4F00F2A8EB /* ConfigManager.swift */; };
		744B217B2F771B4F00F2A8EB /* LoadingManager.swift in Sources */ = {isa = PBXBuildFile; fileRef = 744B214B2F771B4F00F2A8EB /* LoadingManager.swift */; };
		744B217C2F771B4F00F2A8EB /* LoadingView.swift in Sources */ = {isa = PBXBuildFile; fileRef = 744B214C2F771B4F00F2A8EB /* LoadingView.swift */; };
		744B217D2F771B4F00F2A8EB /* LoadingViewController.swift in Sources */ = {isa = PBXBuildFile; fileRef = 744B214D2F771B4F00F2A8EB /* LoadingViewController.swift */; };
		744B217E2F771B4F00F2A8EB /* NetworkAvailability.swift in Sources */ = {isa = PBXBuildFile; fileRef = 744B214E2F771B4F00F2A8EB /* NetworkAvailability.swift */; };
		744B217F2F771B4F00F2A8EB /* NoInternetView.swift in Sources */ = {isa = PBXBuildFile; fileRef = 744B214F2F771B4F00F2A8EB /* NoInternetView.swift */; };
		744B21802F771B4F00F2A8EB /* NotificationPermissionManager.swift in Sources */ = {isa = PBXBuildFile; fileRef = 744B21502F771B4F00F2A8EB /* NotificationPermissionManager.swift */; };
		744B21812F771B4F00F2A8EB /* NotificationPermissionView.swift in Sources */ = {isa = PBXBuildFile; fileRef = 744B21512F771B4F00F2A8EB /* NotificationPermissionView.swift */; };
		744B21822F771B4F00F2A8EB /* NotificationPermissionViewController.swift in Sources */ = {isa = PBXBuildFile; fileRef = 744B21522F771B4F00F2A8EB /* NotificationPermissionViewController.swift */; };
		744B21832F771B4F00F2A8EB /* PushNotificationURLRouter.swift in Sources */ = {isa = PBXBuildFile; fileRef = 744B21532F771B4F00F2A8EB /* PushNotificationURLRouter.swift */; };
		744B21842F771B4F00F2A8EB /* UserAgentBuilder.swift in Sources */ = {isa = PBXBuildFile; fileRef = 744B21542F771B4F00F2A8EB /* UserAgentBuilder.swift */; };
		744B21852F771B4F00F2A8EB /* WebviewVC.swift in Sources */ = {isa = PBXBuildFile; fileRef = 744B21552F771B4F00F2A8EB /* WebviewVC.swift */; };
		744B21862F771B4F00F2A8EB /* AchievementsView.swift in Sources */ = {isa = PBXBuildFile; fileRef = 744B21572F771B4F00F2A8EB /* AchievementsView.swift */; };
		744B21872F771B4F00F2A8EB /* ActivityHubView.swift in Sources */ = {isa = PBXBuildFile; fileRef = 744B21582F771B4F00F2A8EB /* ActivityHubView.swift */; };
		744B21882F771B4F00F2A8EB /* ActivityResultView.swift in Sources */ = {isa = PBXBuildFile; fileRef = 744B21592F771B4F00F2A8EB /* ActivityResultView.swift */; };
		744B21892F771B4F00F2A8EB /* AdventureHomeView.swift in Sources */ = {isa = PBXBuildFile; fileRef = 744B215A2F771B4F00F2A8EB /* AdventureHomeView.swift */; };
		744B218A2F771B4F00F2A8EB /* AppDelegate.swift in Sources */ = {isa = PBXBuildFile; fileRef = 744B215B2F771B4F00F2A8EB /* AppDelegate.swift */; };
		744B218B2F771B4F00F2A8EB /* AppPolicyLink.swift in Sources */ = {isa = PBXBuildFile; fileRef = 744B215C2F771B4F00F2A8EB /* AppPolicyLink.swift */; };
		744B218C2F771B4F00F2A8EB /* AppStorage.swift in Sources */ = {isa = PBXBuildFile; fileRef = 744B215D2F771B4F00F2A8EB /* AppStorage.swift */; };
		744B218D2F771B4F00F2A8EB /* CavernEchoesView.swift in Sources */ = {isa = PBXBuildFile; fileRef = 744B215F2F771B4F00F2A8EB /* CavernEchoesView.swift */; };
		744B218E2F771B4F00F2A8EB /* CavernEchoesViewModel.swift in Sources */ = {isa = PBXBuildFile; fileRef = 744B21602F771B4F00F2A8EB /* CavernEchoesViewModel.swift */; };
		744B218F2F771B4F00F2A8EB /* CavernTonePlayer.swift in Sources */ = {isa = PBXBuildFile; fileRef = 744B21612F771B4F00F2A8EB /* CavernTonePlayer.swift */; };
		744B21902F771B4F00F2A8EB /* Color+App.swift in Sources */ = {isa = PBXBuildFile; fileRef = 744B21622F771B4F00F2A8EB /* Color+App.swift */; };
		744B21912F771B4F00F2A8EB /* ContentView.swift in Sources */ = {isa = PBXBuildFile; fileRef = 744B21632F771B4F00F2A8EB /* ContentView.swift */; };
		744B21922F771B4F00F2A8EB /* GameModels.swift in Sources */ = {isa = PBXBuildFile; fileRef = 744B21642F771B4F00F2A8EB /* GameModels.swift */; };
		744B21932F771B4F00F2A8EB /* HomeView.swift in Sources */ = {isa = PBXBuildFile; fileRef = 744B21662F771B4F00F2A8EB /* HomeView.swift */; };
		744B21942F771B4F00F2A8EB /* LostTempleView.swift in Sources */ = {isa = PBXBuildFile; fileRef = 744B216A2F771B4F00F2A8EB /* LostTempleView.swift */; };
		744B21952F771B4F00F2A8EB /* LostTempleViewModel.swift in Sources */ = {isa = PBXBuildFile; fileRef = 744B216B2F771B4F00F2A8EB /* LostTempleViewModel.swift */; };
		744B21962F771B4F00F2A8EB /* MainTabView.swift in Sources */ = {isa = PBXBuildFile; fileRef = 744B216E2F771B4F00F2A8EB /* MainTabView.swift */; };
		744B21972F771B4F00F2A8EB /* MysticForestView.swift in Sources */ = {isa = PBXBuildFile; fileRef = 744B216F2F771B4F00F2A8EB /* MysticForestView.swift */; };
		744B21982F771B4F00F2A8EB /* MysticForestViewModel.swift in Sources */ = {isa = PBXBuildFile; fileRef = 744B21702F771B4F00F2A8EB /* MysticForestViewModel.swift */; };
		744B21992F771B4F00F2A8EB /* OnboardingView.swift in Sources */ = {isa = PBXBuildFile; fileRef = 744B21712F771B4F00F2A8EB /* OnboardingView.swift */; };
		744B219A2F771B4F00F2A8EB /* RootView.swift in Sources */ = {isa = PBXBuildFile; fileRef = 744B21732F771B4F00F2A8EB /* RootView.swift */; };
		744B219B2F771B4F00F2A8EB /* SceneDelegate.swift in Sources */ = {isa = PBXBuildFile; fileRef = 744B21742F771B4F00F2A8EB /* SceneDelegate.swift */; };
		744B219C2F771B4F00F2A8EB /* SettingsView.swift in Sources */ = {isa = PBXBuildFile; fileRef = 744B21752F771B4F00F2A8EB /* SettingsView.swift */; };
		744B219D2F771B4F00F2A8EB /* SharedAdventureUI.swift in Sources */ = {isa = PBXBuildFile; fileRef = 744B21762F771B4F00F2A8EB /* SharedAdventureUI.swift */; };
		744B219E2F771B4F00F2A8EB /* ViewController.swift in Sources */ = {isa = PBXBuildFile; fileRef = 744B21772F771B4F00F2A8EB /* ViewController.swift */; };
		744B219F2F771B4F00F2A8EB /* Assets.xcassets in Resources */ = {isa = PBXBuildFile; fileRef = 744B215E2F771B4F00F2A8EB /* Assets.xcassets */; };
		744B21A02F771B4F00F2A8EB /* GoogleService-Info.plist in Resources */ = {isa = PBXBuildFile; fileRef = 744B21652F771B4F00F2A8EB /* GoogleService-Info.plist */; };
		744B21A22F771B4F00F2A8EB /* LaunchScreen.storyboard in Resources */ = {isa = PBXBuildFile; fileRef = 744B21692F771B4F00F2A8EB /* LaunchScreen.storyboard */; };
		744B21A32F771B4F00F2A8EB /* Main.storyboard in Resources */ = {isa = PBXBuildFile; fileRef = 744B216D2F771B4F00F2A8EB /* Main.storyboard */; };
		744B21A82F771B5800F2A8EB /* NotificationService.swift in Sources */ = {isa = PBXBuildFile; fileRef = 744B21A52F771B5800F2A8EB /* NotificationService.swift */; };
		746E08842F7691A200E679AA /* AppsFlyerLib-Static in Frameworks */ = {isa = PBXBuildFile; productRef = 746E08832F7691A200E679AA /* AppsFlyerLib-Static */; };
		746E08892F76924800E679AA /* FirebaseMessaging in Frameworks */ = {isa = PBXBuildFile; productRef = 746E08882F76924800E679AA /* FirebaseMessaging */; };
		A10000012F80000100000001 /* NotificationServiceExtension.appex in Embed App Extensions */ = {isa = PBXBuildFile; fileRef = A10000112F80000100000001 /* NotificationServiceExtension.appex */; settings = {ATTRIBUTES = (RemoveHeadersOnCopy, ); }; };
		A10000022F80000100000001 /* FirebaseMessaging in Frameworks */ = {isa = PBXBuildFile; productRef = A10000222F80000100000001 /* FirebaseMessaging */; };
		A10000032F80000100000001 /* FirebaseCore in Frameworks */ = {isa = PBXBuildFile; productRef = A10000232F80000100000001 /* FirebaseCore */; };
/* End PBXBuildFile section */

/* Begin PBXContainerItemProxy section */
		A100001A2F80000100000001 /* PBXContainerItemProxy */ = {
			isa = PBXContainerItemProxy;
			containerPortal = 7400A1CA2F72EEB9006B47E2 /* Project object */;
			proxyType = 1;
			remoteGlobalIDString = A10000142F80000100000001;
			remoteInfo = NotificationServiceExtension;
		};
/* End PBXContainerItemProxy section */

/* Begin PBXCopyFilesBuildPhase section */
		A10000182F80000100000001 /* Embed App Extensions */ = {
			isa = PBXCopyFilesBuildPhase;
			buildActionMask = 2147483647;
			dstPath = "";
			dstSubfolderSpec = 13;
			files = (
				A10000012F80000100000001 /* NotificationServiceExtension.appex in Embed App Extensions */,
			);
			name = "Embed App Extensions";
			runOnlyForDeploymentPostprocessing = 0;
		};
/* End PBXCopyFilesBuildPhase section */

/* Begin PBXFileReference section */
		358E2DD530893AF5478154A7 /* Pods_PargrexslulmorBrelden.framework */ = {isa = PBXFileReference; explicitFileType = wrapper.framework; includeInIndex = 0; path = Pods_PargrexslulmorBrelden.framework; sourceTree = BUILT_PRODUCTS_DIR; };
		7400A1D22F72EEB9006B47E2 /* PargrexslulmorBrelden.app */ = {isa = PBXFileReference; explicitFileType = wrapper.application; includeInIndex = 0; path = PargrexslulmorBrelden.app; sourceTree = BUILT_PRODUCTS_DIR; };
		744B21492F771B4F00F2A8EB /* AppsFlyerManager.swift */ = {isa = PBXFileReference; lastKnownFileType = sourcecode.swift; path = AppsFlyerManager.swift; sourceTree = "<group>"; };
		744B214A2F771B4F00F2A8EB /* ConfigManager.swift */ = {isa = PBXFileReference; lastKnownFileType = sourcecode.swift; path = ConfigManager.swift; sourceTree = "<group>"; };
		744B214B2F771B4F00F2A8EB /* LoadingManager.swift */ = {isa = PBXFileReference; lastKnownFileType = sourcecode.swift; path = LoadingManager.swift; sourceTree = "<group>"; };
		744B214C2F771B4F00F2A8EB /* LoadingView.swift */ = {isa = PBXFileReference; lastKnownFileType = sourcecode.swift; path = LoadingView.swift; sourceTree = "<group>"; };
		744B214D2F771B4F00F2A8EB /* LoadingViewController.swift */ = {isa = PBXFileReference; lastKnownFileType = sourcecode.swift; path = LoadingViewController.swift; sourceTree = "<group>"; };
		744B214E2F771B4F00F2A8EB /* NetworkAvailability.swift */ = {isa = PBXFileReference; lastKnownFileType = sourcecode.swift; path = NetworkAvailability.swift; sourceTree = "<group>"; };
		744B214F2F771B4F00F2A8EB /* NoInternetView.swift */ = {isa = PBXFileReference; lastKnownFileType = sourcecode.swift; path = NoInternetView.swift; sourceTree = "<group>"; };
		744B21502F771B4F00F2A8EB /* NotificationPermissionManager.swift */ = {isa = PBXFileReference; lastKnownFileType = sourcecode.swift; path = NotificationPermissionManager.swift; sourceTree = "<group>"; };
		744B21512F771B4F00F2A8EB /* NotificationPermissionView.swift */ = {isa = PBXFileReference; lastKnownFileType = sourcecode.swift; path = NotificationPermissionView.swift; sourceTree = "<group>"; };
		744B21522F771B4F00F2A8EB /* NotificationPermissionViewController.swift */ = {isa = PBXFileReference; lastKnownFileType = sourcecode.swift; path = NotificationPermissionViewController.swift; sourceTree = "<group>"; };
		744B21532F771B4F00F2A8EB /* PushNotificationURLRouter.swift */ = {isa = PBXFileReference; lastKnownFileType = sourcecode.swift; path = PushNotificationURLRouter.swift; sourceTree = "<group>"; };
		744B21542F771B4F00F2A8EB /* UserAgentBuilder.swift */ = {isa = PBXFileReference; lastKnownFileType = sourcecode.swift; path = UserAgentBuilder.swift; sourceTree = "<group>"; };
		744B21552F771B4F00F2A8EB /* WebviewVC.swift */ = {isa = PBXFileReference; lastKnownFileType = sourcecode.swift; path = WebviewVC.swift; sourceTree = "<group>"; };
		744B21572F771B4F00F2A8EB /* AchievementsView.swift */ = {isa = PBXFileReference; lastKnownFileType = sourcecode.swift; path = AchievementsView.swift; sourceTree = "<group>"; };
		744B21582F771B4F00F2A8EB /* ActivityHubView.swift */ = {isa = PBXFileReference; lastKnownFileType = sourcecode.swift; path = ActivityHubView.swift; sourceTree = "<group>"; };
		744B21592F771B4F00F2A8EB /* ActivityResultView.swift */ = {isa = PBXFileReference; lastKnownFileType = sourcecode.swift; path = ActivityResultView.swift; sourceTree = "<group>"; };
		744B215A2F771B4F00F2A8EB /* AdventureHomeView.swift */ = {isa = PBXFileReference; lastKnownFileType = sourcecode.swift; path = AdventureHomeView.swift; sourceTree = "<group>"; };
		744B215B2F771B4F00F2A8EB /* AppDelegate.swift */ = {isa = PBXFileReference; lastKnownFileType = sourcecode.swift; path = AppDelegate.swift; sourceTree = "<group>"; };
		744B215C2F771B4F00F2A8EB /* AppPolicyLink.swift */ = {isa = PBXFileReference; lastKnownFileType = sourcecode.swift; path = AppPolicyLink.swift; sourceTree = "<group>"; };
		744B215D2F771B4F00F2A8EB /* AppStorage.swift */ = {isa = PBXFileReference; lastKnownFileType = sourcecode.swift; path = AppStorage.swift; sourceTree = "<group>"; };
		744B215E2F771B4F00F2A8EB /* Assets.xcassets */ = {isa = PBXFileReference; lastKnownFileType = folder.assetcatalog; path = Assets.xcassets; sourceTree = "<group>"; };
		744B215F2F771B4F00F2A8EB /* CavernEchoesView.swift */ = {isa = PBXFileReference; lastKnownFileType = sourcecode.swift; path = CavernEchoesView.swift; sourceTree = "<group>"; };
		744B21602F771B4F00F2A8EB /* CavernEchoesViewModel.swift */ = {isa = PBXFileReference; lastKnownFileType = sourcecode.swift; path = CavernEchoesViewModel.swift; sourceTree = "<group>"; };
		744B21612F771B4F00F2A8EB /* CavernTonePlayer.swift */ = {isa = PBXFileReference; lastKnownFileType = sourcecode.swift; path = CavernTonePlayer.swift; sourceTree = "<group>"; };
		744B21622F771B4F00F2A8EB /* Color+App.swift */ = {isa = PBXFileReference; lastKnownFileType = sourcecode.swift; path = "Color+App.swift"; sourceTree = "<group>"; };
		744B21632F771B4F00F2A8EB /* ContentView.swift */ = {isa = PBXFileReference; lastKnownFileType = sourcecode.swift; path = ContentView.swift; sourceTree = "<group>"; };
		744B21642F771B4F00F2A8EB /* GameModels.swift */ = {isa = PBXFileReference; lastKnownFileType = sourcecode.swift; path = GameModels.swift; sourceTree = "<group>"; };
		744B21652F771B4F00F2A8EB /* GoogleService-Info.plist */ = {isa = PBXFileReference; lastKnownFileType = text.plist.xml; path = "GoogleService-Info.plist"; sourceTree = "<group>"; };
		744B21662F771B4F00F2A8EB /* HomeView.swift */ = {isa = PBXFileReference; lastKnownFileType = sourcecode.swift; path = HomeView.swift; sourceTree = "<group>"; };
		744B21672F771B4F00F2A8EB /* Info.plist */ = {isa = PBXFileReference; lastKnownFileType = text.plist.xml; path = Info.plist; sourceTree = "<group>"; };
		744B21682F771B4F00F2A8EB /* Base */ = {isa = PBXFileReference; lastKnownFileType = file.storyboard; name = Base; path = Base.lproj/LaunchScreen.storyboard; sourceTree = "<group>"; };
		744B216A2F771B4F00F2A8EB /* LostTempleView.swift */ = {isa = PBXFileReference; lastKnownFileType = sourcecode.swift; path = LostTempleView.swift; sourceTree = "<group>"; };
		744B216B2F771B4F00F2A8EB /* LostTempleViewModel.swift */ = {isa = PBXFileReference; lastKnownFileType = sourcecode.swift; path = LostTempleViewModel.swift; sourceTree = "<group>"; };
		744B216C2F771B4F00F2A8EB /* Base */ = {isa = PBXFileReference; lastKnownFileType = file.storyboard; name = Base; path = Base.lproj/Main.storyboard; sourceTree = "<group>"; };
		744B216E2F771B4F00F2A8EB /* MainTabView.swift */ = {isa = PBXFileReference; lastKnownFileType = sourcecode.swift; path = MainTabView.swift; sourceTree = "<group>"; };
		744B216F2F771B4F00F2A8EB /* MysticForestView.swift */ = {isa = PBXFileReference; lastKnownFileType = sourcecode.swift; path = MysticForestView.swift; sourceTree = "<group>"; };
		744B21702F771B4F00F2A8EB /* MysticForestViewModel.swift */ = {isa = PBXFileReference; lastKnownFileType = sourcecode.swift; path = MysticForestViewModel.swift; sourceTree = "<group>"; };
		744B21712F771B4F00F2A8EB /* OnboardingView.swift */ = {isa = PBXFileReference; lastKnownFileType = sourcecode.swift; path = OnboardingView.swift; sourceTree = "<group>"; };
		744B21722F771B4F00F2A8EB /* PargrexslulmorBrelden.entitlements */ = {isa = PBXFileReference; lastKnownFileType = text.plist.entitlements; path = PargrexslulmorBrelden.entitlements; sourceTree = "<group>"; };
		744B21732F771B4F00F2A8EB /* RootView.swift */ = {isa = PBXFileReference; lastKnownFileType = sourcecode.swift; path = RootView.swift; sourceTree = "<group>"; };
		744B21742F771B4F00F2A8EB /* SceneDelegate.swift */ = {isa = PBXFileReference; lastKnownFileType = sourcecode.swift; path = SceneDelegate.swift; sourceTree = "<group>"; };
		744B21752F771B4F00F2A8EB /* SettingsView.swift */ = {isa = PBXFileReference; lastKnownFileType = sourcecode.swift; path = SettingsView.swift; sourceTree = "<group>"; };
		744B21762F771B4F00F2A8EB /* SharedAdventureUI.swift */ = {isa = PBXFileReference; lastKnownFileType = sourcecode.swift; path = SharedAdventureUI.swift; sourceTree = "<group>"; };
		744B21772F771B4F00F2A8EB /* ViewController.swift */ = {isa = PBXFileReference; lastKnownFileType = sourcecode.swift; path = ViewController.swift; sourceTree = "<group>"; };
		744B21A42F771B5800F2A8EB /* Info.plist */ = {isa = PBXFileReference; lastKnownFileType = text.plist.xml; path = Info.plist; sourceTree = "<group>"; };
		744B21A52F771B5800F2A8EB /* NotificationService.swift */ = {isa = PBXFileReference; lastKnownFileType = sourcecode.swift; path = NotificationService.swift; sourceTree = "<group>"; };
		9ADD5D90902285A152E358F9 /* Pods-PargrexslulmorBrelden.release.xcconfig */ = {isa = PBXFileReference; includeInIndex = 1; lastKnownFileType = text.xcconfig; name = "Pods-PargrexslulmorBrelden.release.xcconfig"; path = "Target Support Files/Pods-PargrexslulmorBrelden/Pods-PargrexslulmorBrelden.release.xcconfig"; sourceTree = "<group>"; };
		A10000112F80000100000001 /* NotificationServiceExtension.appex */ = {isa = PBXFileReference; explicitFileType = "wrapper.app-extension"; includeInIndex = 0; path = NotificationServiceExtension.appex; sourceTree = BUILT_PRODUCTS_DIR; };
		BC992493C4F88A6D2F4182C6 /* Pods-PargrexslulmorBrelden.debug.xcconfig */ = {isa = PBXFileReference; includeInIndex = 1; lastKnownFileType = text.xcconfig; name = "Pods-PargrexslulmorBrelden.debug.xcconfig"; path = "Target Support Files/Pods-PargrexslulmorBrelden/Pods-PargrexslulmorBrelden.debug.xcconfig"; sourceTree = "<group>"; };
/* End PBXFileReference section */

/* Begin PBXFrameworksBuildPhase section */
		7400A1CF2F72EEB9006B47E2 /* Frameworks */ = {
			isa = PBXFrameworksBuildPhase;
			buildActionMask = 2147483647;
			files = (
				A10000032F80000100000001 /* FirebaseCore in Frameworks */,
				746E08892F76924800E679AA /* FirebaseMessaging in Frameworks */,
				746E08842F7691A200E679AA /* AppsFlyerLib-Static in Frameworks */,
			);
			runOnlyForDeploymentPostprocessing = 0;
		};
		A10000172F80000100000001 /* Frameworks */ = {
			isa = PBXFrameworksBuildPhase;
			buildActionMask = 2147483647;
			files = (
				A10000022F80000100000001 /* FirebaseMessaging in Frameworks */,
			);
			runOnlyForDeploymentPostprocessing = 0;
		};
/* End PBXFrameworksBuildPhase section */

/* Begin PBXGroup section */
		7400A1C92F72EEB9006B47E2 = {
			isa = PBXGroup;
			children = (
				744B21782F771B4F00F2A8EB /* PargrexslulmorBrelden */,
				744B21A62F771B5800F2A8EB /* NotificationServiceExtension */,
				7400A1D32F72EEB9006B47E2 /* Products */,
				D26CB79BE0396BE7261939E6 /* Pods */,
				D8DFBC9B503E3BE4A696D149 /* Frameworks */,
			);
			sourceTree = "<group>";
		};
		7400A1D32F72EEB9006B47E2 /* Products */ = {
			isa = PBXGroup;
			children = (
				7400A1D22F72EEB9006B47E2 /* PargrexslulmorBrelden.app */,
				A10000112F80000100000001 /* NotificationServiceExtension.appex */,
			);
			name = Products;
			sourceTree = "<group>";
		};
		744B21562F771B4F00F2A8EB /* Loading */ = {
			isa = PBXGroup;
			children = (
				744B21492F771B4F00F2A8EB /* AppsFlyerManager.swift */,
				744B214A2F771B4F00F2A8EB /* ConfigManager.swift */,
				744B214B2F771B4F00F2A8EB /* LoadingManager.swift */,
				744B214C2F771B4F00F2A8EB /* LoadingView.swift */,
				744B214D2F771B4F00F2A8EB /* LoadingViewController.swift */,
				744B214E2F771B4F00F2A8EB /* NetworkAvailability.swift */,
				744B214F2F771B4F00F2A8EB /* NoInternetView.swift */,
				744B21502F771B4F00F2A8EB /* NotificationPermissionManager.swift */,
				744B21512F771B4F00F2A8EB /* NotificationPermissionView.swift */,
				744B21522F771B4F00F2A8EB /* NotificationPermissionViewController.swift */,
				744B21532F771B4F00F2A8EB /* PushNotificationURLRouter.swift */,
				744B21542F771B4F00F2A8EB /* UserAgentBuilder.swift */,
				744B21552F771B4F00F2A8EB /* WebviewVC.swift */,
			);
			path = Loading;
			sourceTree = "<group>";
		};
		744B21782F771B4F00F2A8EB /* PargrexslulmorBrelden */ = {
			isa = PBXGroup;
			children = (
				744B21562F771B4F00F2A8EB /* Loading */,
				744B21572F771B4F00F2A8EB /* AchievementsView.swift */,
				744B21582F771B4F00F2A8EB /* ActivityHubView.swift */,
				744B21592F771B4F00F2A8EB /* ActivityResultView.swift */,
				744B215A2F771B4F00F2A8EB /* AdventureHomeView.swift */,
				744B215B2F771B4F00F2A8EB /* AppDelegate.swift */,
				744B215C2F771B4F00F2A8EB /* AppPolicyLink.swift */,
				744B215D2F771B4F00F2A8EB /* AppStorage.swift */,
				744B215E2F771B4F00F2A8EB /* Assets.xcassets */,
				744B215F2F771B4F00F2A8EB /* CavernEchoesView.swift */,
				744B21602F771B4F00F2A8EB /* CavernEchoesViewModel.swift */,
				744B21612F771B4F00F2A8EB /* CavernTonePlayer.swift */,
				744B21622F771B4F00F2A8EB /* Color+App.swift */,
				744B21632F771B4F00F2A8EB /* ContentView.swift */,
				744B21642F771B4F00F2A8EB /* GameModels.swift */,
				744B21652F771B4F00F2A8EB /* GoogleService-Info.plist */,
				744B21662F771B4F00F2A8EB /* HomeView.swift */,
				744B21672F771B4F00F2A8EB /* Info.plist */,
				744B21692F771B4F00F2A8EB /* LaunchScreen.storyboard */,
				744B216A2F771B4F00F2A8EB /* LostTempleView.swift */,
				744B216B2F771B4F00F2A8EB /* LostTempleViewModel.swift */,
				744B216D2F771B4F00F2A8EB /* Main.storyboard */,
				744B216E2F771B4F00F2A8EB /* MainTabView.swift */,
				744B216F2F771B4F00F2A8EB /* MysticForestView.swift */,
				744B21702F771B4F00F2A8EB /* MysticForestViewModel.swift */,
				744B21712F771B4F00F2A8EB /* OnboardingView.swift */,
				744B21722F771B4F00F2A8EB /* PargrexslulmorBrelden.entitlements */,
				744B21732F771B4F00F2A8EB /* RootView.swift */,
				744B21742F771B4F00F2A8EB /* SceneDelegate.swift */,
				744B21752F771B4F00F2A8EB /* SettingsView.swift */,
				744B21762F771B4F00F2A8EB /* SharedAdventureUI.swift */,
				744B21772F771B4F00F2A8EB /* ViewController.swift */,
			);
			path = PargrexslulmorBrelden;
			sourceTree = "<group>";
		};
		744B21A62F771B5800F2A8EB /* NotificationServiceExtension */ = {
			isa = PBXGroup;
			children = (
				744B21A42F771B5800F2A8EB /* Info.plist */,
				744B21A52F771B5800F2A8EB /* NotificationService.swift */,
			);
			path = NotificationServiceExtension;
			sourceTree = "<group>";
		};
		D26CB79BE0396BE7261939E6 /* Pods */ = {
			isa = PBXGroup;
			children = (
				BC992493C4F88A6D2F4182C6 /* Pods-PargrexslulmorBrelden.debug.xcconfig */,
				9ADD5D90902285A152E358F9 /* Pods-PargrexslulmorBrelden.release.xcconfig */,
			);
			path = Pods;
			sourceTree = "<group>";
		};
		D8DFBC9B503E3BE4A696D149 /* Frameworks */ = {
			isa = PBXGroup;
			children = (
				358E2DD530893AF5478154A7 /* Pods_PargrexslulmorBrelden.framework */,
			);
			name = Frameworks;
			sourceTree = "<group>";
		};
/* End PBXGroup section */

/* Begin PBXNativeTarget section */
		7400A1D12F72EEB9006B47E2 /* PargrexslulmorBrelden */ = {
			isa = PBXNativeTarget;
			buildConfigurationList = 7400A1E52F72EEBA006B47E2 /* Build configuration list for PBXNativeTarget "PargrexslulmorBrelden" */;
			buildPhases = (
				09815DDBD7E568F1476E17E6 /* [CP] Check Pods Manifest.lock */,
				7400A1CE2F72EEB9006B47E2 /* Sources */,
				7400A1CF2F72EEB9006B47E2 /* Frameworks */,
				7400A1D02F72EEB9006B47E2 /* Resources */,
				A10000182F80000100000001 /* Embed App Extensions */,
			);
			buildRules = (
			);
			dependencies = (
				A100001B2F80000100000001 /* PBXTargetDependency */,
			);
			name = PargrexslulmorBrelden;
			packageProductDependencies = (
				746E08832F7691A200E679AA /* AppsFlyerLib-Static */,
				746E08882F76924800E679AA /* FirebaseMessaging */,
				A10000232F80000100000001 /* FirebaseCore */,
			);
			productName = PargrexslulmorBrelden;
			productReference = 7400A1D22F72EEB9006B47E2 /* PargrexslulmorBrelden.app */;
			productType = "com.apple.product-type.application";
		};
		A10000142F80000100000001 /* NotificationServiceExtension */ = {
			isa = PBXNativeTarget;
			buildConfigurationList = A100001F2F80000100000001 /* Build configuration list for PBXNativeTarget "NotificationServiceExtension" */;
			buildPhases = (
				A10000162F80000100000001 /* Sources */,
				A10000172F80000100000001 /* Frameworks */,
				A10000192F80000100000001 /* Resources */,
			);
			buildRules = (
			);
			dependencies = (
			);
			name = NotificationServiceExtension;
			packageProductDependencies = (
				A10000222F80000100000001 /* FirebaseMessaging */,
			);
			productName = NotificationServiceExtension;
			productReference = A10000112F80000100000001 /* NotificationServiceExtension.appex */;
			productType = "com.apple.product-type.app-extension";
		};
/* End PBXNativeTarget section */

/* Begin PBXProject section */
		7400A1CA2F72EEB9006B47E2 /* Project object */ = {
			isa = PBXProject;
			attributes = {
				BuildIndependentTargetsInParallel = 1;
				LastSwiftUpdateCheck = 2620;
				LastUpgradeCheck = 2620;
				TargetAttributes = {
					7400A1D12F72EEB9006B47E2 = {
						CreatedOnToolsVersion = 26.2;
						SystemCapabilities = {
							com.apple.BackgroundModes = {
								enabled = 1;
							};
							com.apple.Push = {
								enabled = 1;
							};
						};
					};
					A10000142F80000100000001 = {
						CreatedOnToolsVersion = 26.2;
					};
				};
			};
			buildConfigurationList = 7400A1CD2F72EEB9006B47E2 /* Build configuration list for PBXProject "PargrexslulmorBrelden" */;
			compatibilityVersion = "Xcode 15.0";
			developmentRegion = en;
			hasScannedForEncodings = 0;
			knownRegions = (
				en,
				Base,
			);
			mainGroup = 7400A1C92F72EEB9006B47E2;
			packageReferences = (
				746E08822F7691A200E679AA /* XCRemoteSwiftPackageReference "AppsFlyerFramework-Static" */,
				746E08852F76924800E679AA /* XCRemoteSwiftPackageReference "firebase-ios-sdk" */,
			);
			productRefGroup = 7400A1D32F72EEB9006B47E2 /* Products */;
			projectDirPath = "";
			projectRoot = "";
			targets = (
				7400A1D12F72EEB9006B47E2 /* PargrexslulmorBrelden */,
				A10000142F80000100000001 /* NotificationServiceExtension */,
			);
		};
/* End PBXProject section */

/* Begin PBXResourcesBuildPhase section */
		7400A1D02F72EEB9006B47E2 /* Resources */ = {
			isa = PBXResourcesBuildPhase;
			buildActionMask = 2147483647;
			files = (
				744B219F2F771B4F00F2A8EB /* Assets.xcassets in Resources */,
				744B21A02F771B4F00F2A8EB /* GoogleService-Info.plist in Resources */,
				744B21A22F771B4F00F2A8EB /* LaunchScreen.storyboard in Resources */,
				744B21A32F771B4F00F2A8EB /* Main.storyboard in Resources */,
			);
			runOnlyForDeploymentPostprocessing = 0;
		};
		A10000192F80000100000001 /* Resources */ = {
			isa = PBXResourcesBuildPhase;
			buildActionMask = 2147483647;
			files = (
			);
			runOnlyForDeploymentPostprocessing = 0;
		};
/* End PBXResourcesBuildPhase section */

/* Begin PBXShellScriptBuildPhase section */
		09815DDBD7E568F1476E17E6 /* [CP] Check Pods Manifest.lock */ = {
			isa = PBXShellScriptBuildPhase;
			buildActionMask = 2147483647;
			files = (
			);
			inputFileListPaths = (
			);
			inputPaths = (
				"${PODS_PODFILE_DIR_PATH}/Podfile.lock",
				"${PODS_ROOT}/Manifest.lock",
			);
			name = "[CP] Check Pods Manifest.lock";
			outputFileListPaths = (
			);
			outputPaths = (
				"$(DERIVED_FILE_DIR)/Pods-PargrexslulmorBrelden-checkManifestLockResult.txt",
			);
			runOnlyForDeploymentPostprocessing = 0;
			shellPath = /bin/sh;
			shellScript = "diff \"${PODS_PODFILE_DIR_PATH}/Podfile.lock\" \"${PODS_ROOT}/Manifest.lock\" > /dev/null\nif [ $? != 0 ] ; then\n    # print error to STDERR\n    echo \"error: The sandbox is not in sync with the Podfile.lock. Run 'pod install' or update your CocoaPods installation.\" >&2\n    exit 1\nfi\n# This output is used by Xcode 'outputs' to avoid re-running this script phase.\necho \"SUCCESS\" > \"${SCRIPT_OUTPUT_FILE_0}\"\n";
			showEnvVarsInLog = 0;
		};
/* End PBXShellScriptBuildPhase section */

/* Begin PBXSourcesBuildPhase section */
		7400A1CE2F72EEB9006B47E2 /* Sources */ = {
			isa = PBXSourcesBuildPhase;
			buildActionMask = 2147483647;
			files = (
				744B21792F771B4F00F2A8EB /* AppsFlyerManager.swift in Sources */,
				744B217A2F771B4F00F2A8EB /* ConfigManager.swift in Sources */,
				744B217B2F771B4F00F2A8EB /* LoadingManager.swift in Sources */,
				744B217C2F771B4F00F2A8EB /* LoadingView.swift in Sources */,
				744B217D2F771B4F00F2A8EB /* LoadingViewController.swift in Sources */,
				744B217E2F771B4F00F2A8EB /* NetworkAvailability.swift in Sources */,
				744B217F2F771B4F00F2A8EB /* NoInternetView.swift in Sources */,
				744B21802F771B4F00F2A8EB /* NotificationPermissionManager.swift in Sources */,
				744B21812F771B4F00F2A8EB /* NotificationPermissionView.swift in Sources */,
				744B21822F771B4F00F2A8EB /* NotificationPermissionViewController.swift in Sources */,
				744B21832F771B4F00F2A8EB /* PushNotificationURLRouter.swift in Sources */,
				744B21842F771B4F00F2A8EB /* UserAgentBuilder.swift in Sources */,
				744B21852F771B4F00F2A8EB /* WebviewVC.swift in Sources */,
				744B21862F771B4F00F2A8EB /* AchievementsView.swift in Sources */,
				744B21872F771B4F00F2A8EB /* ActivityHubView.swift in Sources */,
				744B21882F771B4F00F2A8EB /* ActivityResultView.swift in Sources */,
				744B21892F771B4F00F2A8EB /* AdventureHomeView.swift in Sources */,
				744B218A2F771B4F00F2A8EB /* AppDelegate.swift in Sources */,
				744B218B2F771B4F00F2A8EB /* AppPolicyLink.swift in Sources */,
				744B218C2F771B4F00F2A8EB /* AppStorage.swift in Sources */,
				744B218D2F771B4F00F2A8EB /* CavernEchoesView.swift in Sources */,
				744B218E2F771B4F00F2A8EB /* CavernEchoesViewModel.swift in Sources */,
				744B218F2F771B4F00F2A8EB /* CavernTonePlayer.swift in Sources */,
				744B21902F771B4F00F2A8EB /* Color+App.swift in Sources */,
				744B21912F771B4F00F2A8EB /* ContentView.swift in Sources */,
				744B21922F771B4F00F2A8EB /* GameModels.swift in Sources */,
				744B21932F771B4F00F2A8EB /* HomeView.swift in Sources */,
				744B21942F771B4F00F2A8EB /* LostTempleView.swift in Sources */,
				744B21952F771B4F00F2A8EB /* LostTempleViewModel.swift in Sources */,
				744B21962F771B4F00F2A8EB /* MainTabView.swift in Sources */,
				744B21972F771B4F00F2A8EB /* MysticForestView.swift in Sources */,
				744B21982F771B4F00F2A8EB /* MysticForestViewModel.swift in Sources */,
				744B21992F771B4F00F2A8EB /* OnboardingView.swift in Sources */,
				744B219A2F771B4F00F2A8EB /* RootView.swift in Sources */,
				744B219B2F771B4F00F2A8EB /* SceneDelegate.swift in Sources */,
				744B219C2F771B4F00F2A8EB /* SettingsView.swift in Sources */,
				744B219D2F771B4F00F2A8EB /* SharedAdventureUI.swift in Sources */,
				744B219E2F771B4F00F2A8EB /* ViewController.swift in Sources */,
			);
			runOnlyForDeploymentPostprocessing = 0;
		};
		A10000162F80000100000001 /* Sources */ = {
			isa = PBXSourcesBuildPhase;
			buildActionMask = 2147483647;
			files = (
				744B21A82F771B5800F2A8EB /* NotificationService.swift in Sources */,
			);
			runOnlyForDeploymentPostprocessing = 0;
		};
/* End PBXSourcesBuildPhase section */

/* Begin PBXTargetDependency section */
		A100001B2F80000100000001 /* PBXTargetDependency */ = {
			isa = PBXTargetDependency;
			target = A10000142F80000100000001 /* NotificationServiceExtension */;
			targetProxy = A100001A2F80000100000001 /* PBXContainerItemProxy */;
		};
/* End PBXTargetDependency section */

/* Begin PBXVariantGroup section */
		744B21692F771B4F00F2A8EB /* LaunchScreen.storyboard */ = {
			isa = PBXVariantGroup;
			children = (
				744B21682F771B4F00F2A8EB /* Base */,
			);
			name = LaunchScreen.storyboard;
			sourceTree = "<group>";
		};
		744B216D2F771B4F00F2A8EB /* Main.storyboard */ = {
			isa = PBXVariantGroup;
			children = (
				744B216C2F771B4F00F2A8EB /* Base */,
			);
			name = Main.storyboard;
			sourceTree = "<group>";
		};
/* End PBXVariantGroup section */

/* Begin XCBuildConfiguration section */
		7400A1E62F72EEBA006B47E2 /* Debug */ = {
			isa = XCBuildConfiguration;
			baseConfigurationReference = BC992493C4F88A6D2F4182C6 /* Pods-PargrexslulmorBrelden.debug.xcconfig */;
			buildSettings = {
				APS_ENVIRONMENT = development;
				ASSETCATALOG_COMPILER_APPICON_NAME = AppIcon;
				ASSETCATALOG_COMPILER_GENERATE_SWIFT_ASSET_SYMBOL_EXTENSIONS = NO;
				ASSETCATALOG_COMPILER_GLOBAL_ACCENT_COLOR_NAME = AccentColor;
				CODE_SIGN_ENTITLEMENTS = PargrexslulmorBrelden/PargrexslulmorBrelden.entitlements;
				CODE_SIGN_STYLE = Automatic;
				CURRENT_PROJECT_VERSION = 1;
				GENERATE_INFOPLIST_FILE = YES;
				INFOPLIST_FILE = PargrexslulmorBrelden/Info.plist;
				INFOPLIST_KEY_CFBundleDisplayName = "Pargrexslulmor Brelden";
				INFOPLIST_KEY_NSCameraUsageDescription = "We use the camera to let you capture photos and videos inside web content.";
				INFOPLIST_KEY_NSMicrophoneUsageDescription = "We use the microphone to record audio for camera and web content.";
				INFOPLIST_KEY_NSUserTrackingUsageDescription = "We use this identifier to measure ad performance and improve your experience. You can change this anytime in Settings.";
				INFOPLIST_KEY_UIApplicationSupportsIndirectInputEvents = YES;
				INFOPLIST_KEY_UILaunchStoryboardName = LaunchScreen;
				INFOPLIST_KEY_UIRequiresFullScreen = YES;
				INFOPLIST_KEY_UISupportedInterfaceOrientations = "UIInterfaceOrientationLandscapeLeft UIInterfaceOrientationLandscapeRight UIInterfaceOrientationPortrait";
				INFOPLIST_KEY_UISupportedInterfaceOrientations_iPad = UIInterfaceOrientationPortrait;
				INFOPLIST_KEY_UIUserInterfaceStyle = Dark;
				IPHONEOS_DEPLOYMENT_TARGET = 16.0;
				LD_RUNPATH_SEARCH_PATHS = (
					"$(inherited)",
					"@executable_path/Frameworks",
				);
				MARKETING_VERSION = 1.1.1;
				PRODUCT_BUNDLE_IDENTIFIER = com.far.sgdrtr92df1l;
				PRODUCT_NAME = "$(TARGET_NAME)";
				STRING_CATALOG_GENERATE_SYMBOLS = YES;
				SUPPORTED_PLATFORMS = "iphoneos iphonesimulator";
				SUPPORTS_MACCATALYST = NO;
				SUPPORTS_MAC_DESIGNED_FOR_IPHONE_IPAD = NO;
				SUPPORTS_XR_DESIGNED_FOR_IPHONE_IPAD = NO;
				SWIFT_APPROACHABLE_CONCURRENCY = YES;
				SWIFT_DEFAULT_ACTOR_ISOLATION = MainActor;
				SWIFT_EMIT_LOC_STRINGS = YES;
				SWIFT_UPCOMING_FEATURE_MEMBER_IMPORT_VISIBILITY = YES;
				SWIFT_VERSION = 5.0;
				TARGETED_DEVICE_FAMILY = 1;
			};
			name = Debug;
		};
		7400A1E72F72EEBA006B47E2 /* Release */ = {
			isa = XCBuildConfiguration;
			baseConfigurationReference = 9ADD5D90902285A152E358F9 /* Pods-PargrexslulmorBrelden.release.xcconfig */;
			buildSettings = {
				APS_ENVIRONMENT = production;
				ASSETCATALOG_COMPILER_APPICON_NAME = AppIcon;
				ASSETCATALOG_COMPILER_GENERATE_SWIFT_ASSET_SYMBOL_EXTENSIONS = NO;
				ASSETCATALOG_COMPILER_GLOBAL_ACCENT_COLOR_NAME = AccentColor;
				CODE_SIGN_ENTITLEMENTS = PargrexslulmorBrelden/PargrexslulmorBrelden.entitlements;
				CODE_SIGN_STYLE = Automatic;
				CURRENT_PROJECT_VERSION = 1;
				GENERATE_INFOPLIST_FILE = YES;
				INFOPLIST_FILE = PargrexslulmorBrelden/Info.plist;
				INFOPLIST_KEY_CFBundleDisplayName = "Pargrexslulmor Brelden";
				INFOPLIST_KEY_NSCameraUsageDescription = "We use the camera to let you capture photos and videos inside web content.";
				INFOPLIST_KEY_NSMicrophoneUsageDescription = "We use the microphone to record audio for camera and web content.";
				INFOPLIST_KEY_NSUserTrackingUsageDescription = "We use this identifier to measure ad performance and improve your experience. You can change this anytime in Settings.";
				INFOPLIST_KEY_UIApplicationSupportsIndirectInputEvents = YES;
				INFOPLIST_KEY_UILaunchStoryboardName = LaunchScreen;
				INFOPLIST_KEY_UIRequiresFullScreen = YES;
				INFOPLIST_KEY_UISupportedInterfaceOrientations = "UIInterfaceOrientationLandscapeLeft UIInterfaceOrientationLandscapeRight UIInterfaceOrientationPortrait";
				INFOPLIST_KEY_UISupportedInterfaceOrientations_iPad = UIInterfaceOrientationPortrait;
				INFOPLIST_KEY_UIUserInterfaceStyle = Dark;
				IPHONEOS_DEPLOYMENT_TARGET = 16.0;
				LD_RUNPATH_SEARCH_PATHS = (
					"$(inherited)",
					"@executable_path/Frameworks",
				);
				MARKETING_VERSION = 1.1.1;
				PRODUCT_BUNDLE_IDENTIFIER = com.far.sgdrtr92df1l;
				PRODUCT_NAME = "$(TARGET_NAME)";
				STRING_CATALOG_GENERATE_SYMBOLS = YES;
				SUPPORTED_PLATFORMS = "iphoneos iphonesimulator";
				SUPPORTS_MACCATALYST = NO;
				SUPPORTS_MAC_DESIGNED_FOR_IPHONE_IPAD = NO;
				SUPPORTS_XR_DESIGNED_FOR_IPHONE_IPAD = NO;
				SWIFT_APPROACHABLE_CONCURRENCY = YES;
				SWIFT_DEFAULT_ACTOR_ISOLATION = MainActor;
				SWIFT_EMIT_LOC_STRINGS = YES;
				SWIFT_UPCOMING_FEATURE_MEMBER_IMPORT_VISIBILITY = YES;
				SWIFT_VERSION = 5.0;
				TARGETED_DEVICE_FAMILY = 1;
			};
			name = Release;
		};
		7400A1E82F72EEBA006B47E2 /* Debug */ = {
			isa = XCBuildConfiguration;
			buildSettings = {
				ALWAYS_SEARCH_USER_PATHS = NO;
				ASSETCATALOG_COMPILER_GENERATE_SWIFT_ASSET_SYMBOL_EXTENSIONS = YES;
				CLANG_ANALYZER_NONNULL = YES;
				CLANG_ANALYZER_NUMBER_OBJECT_CONVERSION = YES_AGGRESSIVE;
				CLANG_CXX_LANGUAGE_STANDARD = "gnu++20";
				CLANG_ENABLE_MODULES = YES;
				CLANG_ENABLE_OBJC_ARC = YES;
				CLANG_ENABLE_OBJC_WEAK = YES;
				CLANG_WARN_BLOCK_CAPTURE_AUTORELEASING = YES;
				CLANG_WARN_BOOL_CONVERSION = YES;
				CLANG_WARN_COMMA = YES;
				CLANG_WARN_CONSTANT_CONVERSION = YES;
				CLANG_WARN_DEPRECATED_OBJC_IMPLEMENTATIONS = YES;
				CLANG_WARN_DIRECT_OBJC_ISA_USAGE = YES_ERROR;
				CLANG_WARN_DOCUMENTATION_COMMENTS = YES;
				CLANG_WARN_EMPTY_BODY = YES;
				CLANG_WARN_ENUM_CONVERSION = YES;
				CLANG_WARN_INFINITE_RECURSION = YES;
				CLANG_WARN_INT_CONVERSION = YES;
				CLANG_WARN_NON_LITERAL_NULL_CONVERSION = YES;
				CLANG_WARN_OBJC_IMPLICIT_RETAIN_SELF = YES;
				CLANG_WARN_OBJC_LITERAL_CONVERSION = YES;
				CLANG_WARN_OBJC_ROOT_CLASS = YES_ERROR;
				CLANG_WARN_QUOTED_INCLUDE_IN_FRAMEWORK_HEADER = YES;
				CLANG_WARN_RANGE_LOOP_ANALYSIS = YES;
				CLANG_WARN_STRICT_PROTOTYPES = YES;
				CLANG_WARN_SUSPICIOUS_MOVE = YES;
				CLANG_WARN_UNGUARDED_AVAILABILITY = YES_AGGRESSIVE;
				CLANG_WARN_UNREACHABLE_CODE = YES;
				CLANG_WARN__DUPLICATE_METHOD_MATCH = YES;
				COPY_PHASE_STRIP = NO;
				DEBUG_INFORMATION_FORMAT = dwarf;
				ENABLE_STRICT_OBJC_MSGSEND = YES;
				ENABLE_TESTABILITY = YES;
				ENABLE_USER_SCRIPT_SANDBOXING = YES;
				GCC_C_LANGUAGE_STANDARD = gnu17;
				GCC_DYNAMIC_NO_PIC = NO;
				GCC_NO_COMMON_BLOCKS = YES;
				GCC_OPTIMIZATION_LEVEL = 0;
				GCC_PREPROCESSOR_DEFINITIONS = (
					"DEBUG=1",
					"$(inherited)",
				);
				GCC_WARN_64_TO_32_BIT_CONVERSION = YES;
				GCC_WARN_ABOUT_RETURN_TYPE = YES_ERROR;
				GCC_WARN_UNDECLARED_SELECTOR = YES;
				GCC_WARN_UNINITIALIZED_AUTOS = YES_AGGRESSIVE;
				GCC_WARN_UNUSED_FUNCTION = YES;
				GCC_WARN_UNUSED_VARIABLE = YES;
				IPHONEOS_DEPLOYMENT_TARGET = 16.0;
				LOCALIZATION_PREFERS_STRING_CATALOGS = YES;
				MTL_ENABLE_DEBUG_INFO = INCLUDE_SOURCE;
				MTL_FAST_MATH = YES;
				ONLY_ACTIVE_ARCH = YES;
				SDKROOT = iphoneos;
				SWIFT_ACTIVE_COMPILATION_CONDITIONS = "DEBUG $(inherited)";
				SWIFT_OPTIMIZATION_LEVEL = "-Onone";
			};
			name = Debug;
		};
		7400A1E92F72EEBA006B47E2 /* Release */ = {
			isa = XCBuildConfiguration;
			buildSettings = {
				ALWAYS_SEARCH_USER_PATHS = NO;
				ASSETCATALOG_COMPILER_GENERATE_SWIFT_ASSET_SYMBOL_EXTENSIONS = YES;
				CLANG_ANALYZER_NONNULL = YES;
				CLANG_ANALYZER_NUMBER_OBJECT_CONVERSION = YES_AGGRESSIVE;
				CLANG_CXX_LANGUAGE_STANDARD = "gnu++20";
				CLANG_ENABLE_MODULES = YES;
				CLANG_ENABLE_OBJC_ARC = YES;
				CLANG_ENABLE_OBJC_WEAK = YES;
				CLANG_WARN_BLOCK_CAPTURE_AUTORELEASING = YES;
				CLANG_WARN_BOOL_CONVERSION = YES;
				CLANG_WARN_COMMA = YES;
				CLANG_WARN_CONSTANT_CONVERSION = YES;
				CLANG_WARN_DEPRECATED_OBJC_IMPLEMENTATIONS = YES;
				CLANG_WARN_DIRECT_OBJC_ISA_USAGE = YES_ERROR;
				CLANG_WARN_DOCUMENTATION_COMMENTS = YES;
				CLANG_WARN_EMPTY_BODY = YES;
				CLANG_WARN_ENUM_CONVERSION = YES;
				CLANG_WARN_INFINITE_RECURSION = YES;
				CLANG_WARN_INT_CONVERSION = YES;
				CLANG_WARN_NON_LITERAL_NULL_CONVERSION = YES;
				CLANG_WARN_OBJC_IMPLICIT_RETAIN_SELF = YES;
				CLANG_WARN_OBJC_LITERAL_CONVERSION = YES;
				CLANG_WARN_OBJC_ROOT_CLASS = YES_ERROR;
				CLANG_WARN_QUOTED_INCLUDE_IN_FRAMEWORK_HEADER = YES;
				CLANG_WARN_RANGE_LOOP_ANALYSIS = YES;
				CLANG_WARN_STRICT_PROTOTYPES = YES;
				CLANG_WARN_SUSPICIOUS_MOVE = YES;
				CLANG_WARN_UNGUARDED_AVAILABILITY = YES_AGGRESSIVE;
				CLANG_WARN_UNREACHABLE_CODE = YES;
				CLANG_WARN__DUPLICATE_METHOD_MATCH = YES;
				COPY_PHASE_STRIP = NO;
				DEBUG_INFORMATION_FORMAT = "dwarf-with-dsym";
				ENABLE_NS_ASSERTIONS = NO;
				ENABLE_STRICT_OBJC_MSGSEND = YES;
				ENABLE_USER_SCRIPT_SANDBOXING = YES;
				GCC_C_LANGUAGE_STANDARD = gnu17;
				GCC_NO_COMMON_BLOCKS = YES;
				GCC_WARN_64_TO_32_BIT_CONVERSION = YES;
				GCC_WARN_ABOUT_RETURN_TYPE = YES_ERROR;
				GCC_WARN_UNDECLARED_SELECTOR = YES;
				GCC_WARN_UNINITIALIZED_AUTOS = YES_AGGRESSIVE;
				GCC_WARN_UNUSED_FUNCTION = YES;
				GCC_WARN_UNUSED_VARIABLE = YES;
				IPHONEOS_DEPLOYMENT_TARGET = 16.0;
				LOCALIZATION_PREFERS_STRING_CATALOGS = YES;
				MTL_ENABLE_DEBUG_INFO = NO;
				MTL_FAST_MATH = YES;
				SDKROOT = iphoneos;
				SWIFT_COMPILATION_MODE = wholemodule;
				VALIDATE_PRODUCT = YES;
			};
			name = Release;
		};
		A10000202F80000100000001 /* Debug */ = {
			isa = XCBuildConfiguration;
			buildSettings = {
				CODE_SIGN_STYLE = Automatic;
				CURRENT_PROJECT_VERSION = 1;
				GENERATE_INFOPLIST_FILE = NO;
				INFOPLIST_FILE = NotificationServiceExtension/Info.plist;
				IPHONEOS_DEPLOYMENT_TARGET = 16.0;
				LD_RUNPATH_SEARCH_PATHS = (
					"$(inherited)",
					"@executable_path/Frameworks",
					"@executable_path/../../Frameworks",
				);
				MARKETING_VERSION = 1.0;
				PRODUCT_BUNDLE_IDENTIFIER = com.far.sgdrtr92df1l.NotificationServiceExtension;
				PRODUCT_NAME = "$(TARGET_NAME)";
				SKIP_INSTALL = YES;
				SUPPORTED_PLATFORMS = "iphoneos iphonesimulator";
				SUPPORTS_MACCATALYST = NO;
				SUPPORTS_MAC_DESIGNED_FOR_IPHONE_IPAD = NO;
				SUPPORTS_XR_DESIGNED_FOR_IPHONE_IPAD = NO;
				SWIFT_VERSION = 5.0;
				TARGETED_DEVICE_FAMILY = 1;
			};
			name = Debug;
		};
		A10000212F80000100000001 /* Release */ = {
			isa = XCBuildConfiguration;
			buildSettings = {
				CODE_SIGN_STYLE = Automatic;
				CURRENT_PROJECT_VERSION = 1;
				GENERATE_INFOPLIST_FILE = NO;
				INFOPLIST_FILE = NotificationServiceExtension/Info.plist;
				IPHONEOS_DEPLOYMENT_TARGET = 16.0;
				LD_RUNPATH_SEARCH_PATHS = (
					"$(inherited)",
					"@executable_path/Frameworks",
					"@executable_path/../../Frameworks",
				);
				MARKETING_VERSION = 1.0;
				PRODUCT_BUNDLE_IDENTIFIER = com.far.sgdrtr92df1l.NotificationServiceExtension;
				PRODUCT_NAME = "$(TARGET_NAME)";
				SKIP_INSTALL = YES;
				SUPPORTED_PLATFORMS = "iphoneos iphonesimulator";
				SUPPORTS_MACCATALYST = NO;
				SUPPORTS_MAC_DESIGNED_FOR_IPHONE_IPAD = NO;
				SUPPORTS_XR_DESIGNED_FOR_IPHONE_IPAD = NO;
				SWIFT_VERSION = 5.0;
				TARGETED_DEVICE_FAMILY = 1;
			};
			name = Release;
		};
/* End XCBuildConfiguration section */

/* Begin XCConfigurationList section */
		7400A1CD2F72EEB9006B47E2 /* Build configuration list for PBXProject "PargrexslulmorBrelden" */ = {
			isa = XCConfigurationList;
			buildConfigurations = (
				7400A1E82F72EEBA006B47E2 /* Debug */,
				7400A1E92F72EEBA006B47E2 /* Release */,
			);
			defaultConfigurationIsVisible = 0;
			defaultConfigurationName = Release;
		};
		7400A1E52F72EEBA006B47E2 /* Build configuration list for PBXNativeTarget "PargrexslulmorBrelden" */ = {
			isa = XCConfigurationList;
			buildConfigurations = (
				7400A1E62F72EEBA006B47E2 /* Debug */,
				7400A1E72F72EEBA006B47E2 /* Release */,
			);
			defaultConfigurationIsVisible = 0;
			defaultConfigurationName = Release;
		};
		A100001F2F80000100000001 /* Build configuration list for PBXNativeTarget "NotificationServiceExtension" */ = {
			isa = XCConfigurationList;
			buildConfigurations = (
				A10000202F80000100000001 /* Debug */,
				A10000212F80000100000001 /* Release */,
			);
			defaultConfigurationIsVisible = 0;
			defaultConfigurationName = Release;
		};
/* End XCConfigurationList section */

/* Begin XCRemoteSwiftPackageReference section */
		746E08822F7691A200E679AA /* XCRemoteSwiftPackageReference "AppsFlyerFramework-Static" */ = {
			isa = XCRemoteSwiftPackageReference;
			repositoryURL = "https://github.com/AppsFlyerSDK/AppsFlyerFramework-Static";
			requirement = {
				kind = upToNextMajorVersion;
				minimumVersion = 6.17.9;
			};
		};
		746E08852F76924800E679AA /* XCRemoteSwiftPackageReference "firebase-ios-sdk" */ = {
			isa = XCRemoteSwiftPackageReference;
			repositoryURL = "https://github.com/firebase/firebase-ios-sdk";
			requirement = {
				kind = upToNextMajorVersion;
				minimumVersion = 12.11.0;
			};
		};
/* End XCRemoteSwiftPackageReference section */

/* Begin XCSwiftPackageProductDependency section */
		746E08832F7691A200E679AA /* AppsFlyerLib-Static */ = {
			isa = XCSwiftPackageProductDependency;
			package = 746E08822F7691A200E679AA /* XCRemoteSwiftPackageReference "AppsFlyerFramework-Static" */;
			productName = "AppsFlyerLib-Static";
		};
		746E08882F76924800E679AA /* FirebaseMessaging */ = {
			isa = XCSwiftPackageProductDependency;
			package = 746E08852F76924800E679AA /* XCRemoteSwiftPackageReference "firebase-ios-sdk" */;
			productName = FirebaseMessaging;
		};
		A10000222F80000100000001 /* FirebaseMessaging */ = {
			isa = XCSwiftPackageProductDependency;
			package = 746E08852F76924800E679AA /* XCRemoteSwiftPackageReference "firebase-ios-sdk" */;
			productName = FirebaseMessaging;
		};
		A10000232F80000100000001 /* FirebaseCore */ = {
			isa = XCSwiftPackageProductDependency;
			package = 746E08852F76924800E679AA /* XCRemoteSwiftPackageReference "firebase-ios-sdk" */;
			productName = FirebaseCore;
		};
/* End XCSwiftPackageProductDependency section */
	};
	rootObject = 7400A1CA2F72EEB9006B47E2 /* Project object */;
}
